
Microsoft Visual Studio Solution File, Format Version 12.00
# Visual Studio Version 17
VisualStudioVersion = 17.5.33424.131
MinimumVisualStudioVersion = 10.0.40219.1
Project("{FAE04EC0-301F-11D3-BF4B-00C04F79EFBC}") = "testProject", "testProject.csproj", "{C712F909-8F5F-4301-A8C2-FB4ACB1D05BF}"
EndProject
Project("{FAE04EC0-301F-11D3-BF4B-00C04F79EFBC}") = "VisualProjectTest", "Presentation\VisualProjectTest\VisualProjectTest.csproj", "{4970DFB1-46B0-488E-B854-F0B89265B0E3}"
EndProject
Project("{FAE04EC0-301F-11D3-BF4B-00C04F79EFBC}") = "TheFarm", "Presentation\TheFarm\TheFarm.csproj", "{FFE3B96C-F667-4C80-9A20-84E7A71D4DFD}"
EndProject
Global
	GlobalSection(SolutionConfigurationPlatforms) = preSolution
		Debug|Any CPU = Debug|Any CPU
		Release|Any CPU = Release|Any CPU
	EndGlobalSection
	GlobalSection(ProjectConfigurationPlatforms) = postSolution
		{C712F909-8F5F-4301-A8C2-FB4ACB1D05BF}.Debug|Any CPU.ActiveCfg = Debug|Any CPU
		{C712F909-8F5F-4301-A8C2-FB4ACB1D05BF}.Debug|Any CPU.Build.0 = Debug|Any CPU
		{C712F909-8F5F-4301-A8C2-FB4ACB1D05BF}.Release|Any CPU.ActiveCfg = Release|Any CPU
		{C712F909-8F5F-4301-A8C2-FB4ACB1D05BF}.Release|Any CPU.Build.0 = Release|Any CPU
		{4970DFB1-46B0-488E-B854-F0B89265B0E3}.Debug|Any CPU.ActiveCfg = Debug|Any CPU
		{4970DFB1-46B0-488E-B854-F0B89265B0E3}.Debug|Any CPU.Build.0 = Debug|Any CPU
		{4970DFB1-46B0-488E-B854-F0B89265B0E3}.Release|Any CPU.ActiveCfg = Release|Any CPU
		{4970DFB1-46B0-488E-B854-F0B89265B0E3}.Release|Any CPU.Build.0 = Release|Any CPU
		{FFE3B96C-F667-4C80-9A20-84E7A71D4DFD}.Debug|Any CPU.ActiveCfg = Debug|Any CPU
		{FFE3B96C-F667-4C80-9A20-84E7A71D4DFD}.Debug|Any CPU.Build.0 = Debug|Any CPU
		{FFE3B96C-F667-4C80-9A20-84E7A71D4DFD}.Release|Any CPU.ActiveCfg = Release|Any CPU
		{FFE3B96C-F667-4C80-9A20-84E7A71D4DFD}.Release|Any CPU.Build.0 = Release|Any CPU
	EndGlobalSection
	GlobalSection(SolutionProperties) = preSolution
		HideSolutionNode = FALSE
	EndGlobalSection
	GlobalSection(ExtensibilityGlobals) = postSolution
		SolutionGuid = {DA2476DD-0B94-47D6-B70B-3B8928C43F30}
	EndGlobalSection
EndGlobal
